// !$*UTF8*$!
{
	archiveVersion = 1;
	classes = {
	};
	objectVersion = 50;
	objects = {

/* Begin PBXBuildFile section */
		9B189D1A25017DFD005C0A9C /* AppDelegate.swift in Sources */ = {isa = PBXBuildFile; fileRef = 9B189D1925017DFD005C0A9C /* AppDelegate.swift */; };
		9B189D1C25017DFD005C0A9C /* SceneDelegate.swift in Sources */ = {isa = PBXBuildFile; fileRef = 9B189D1B25017DFD005C0A9C /* SceneDelegate.swift */; };
		9B189D1E25017DFD005C0A9C /* ViewController.swift in Sources */ = {isa = PBXBuildFile; fileRef = 9B189D1D25017DFD005C0A9C /* ViewController.swift */; };
		9B189D2125017DFD005C0A9C /* Main.storyboard in Resources */ = {isa = PBXBuildFile; fileRef = 9B189D1F25017DFD005C0A9C /* Main.storyboard */; };
		9B189D2325017E02005C0A9C /* Assets.xcassets in Resources */ = {isa = PBXBuildFile; fileRef = 9B189D2225017E02005C0A9C /* Assets.xcassets */; };
		9B189D2625017E02005C0A9C /* LaunchScreen.storyboard in Resources */ = {isa = PBXBuildFile; fileRef = 9B189D2425017E02005C0A9C /* LaunchScreen.storyboard */; };
/* End PBXBuildFile section */

/* Begin PBXFileReference section */
		9B189D1625017DFD005C0A9C /* Github-Michael-Ng.app */ = {isa = PBXFileReference; explicitFileType = wrapper.application; includeInIndex = 0; path = "Github-Michael-Ng.app"; sourceTree = BUILT_PRODUCTS_DIR; };
		9B189D1925017DFD005C0A9C /* AppDelegate.swift */ = {isa = PBXFileReference; lastKnownFileType = sourcecode.swift; path = AppDelegate.swift; sourceTree = "<group>"; };
		9B189D1B25017DFD005C0A9C /* SceneDelegate.swift */ = {isa = PBXFileReference; lastKnownFileType = sourcecode.swift; path = SceneDelegate.swift; sourceTree = "<group>"; };
		9B189D1D25017DFD005C0A9C /* ViewController.swift */ = {isa = PBXFileReference; lastKnownFileType = sourcecode.swift; path = ViewController.swift; sourceTree = "<group>"; };
		9B189D2025017DFD005C0A9C /* Base */ = {isa = PBXFileReference; lastKnownFileType = file.storyboard; name = Base; path = Base.lproj/Main.storyboard; sourceTree = "<group>"; };
		9B189D2225017E02005C0A9C /* Assets.xcassets */ = {isa = PBXFileReference; lastKnownFileType = folder.assetcatalog; path = Assets.xcassets; sourceTree = "<group>"; };
		9B189D2525017E02005C0A9C /* Base */ = {isa = PBXFileReference; lastKnownFileType = file.storyboard; name = Base; path = Base.lproj/LaunchScreen.storyboard; sourceTree = "<group>"; };
		9B189D2725017E02005C0A9C /* Info.plist */ = {isa = PBXFileReference; lastKnownFileType = text.plist.xml; path = Info.plist; sourceTree = "<group>"; };
/* End PBXFileReference section */

/* Begin PBXFrameworksBuildPhase section */
		9B189D1325017DFD005C0A9C /* Frameworks */ = {
			isa = PBXFrameworksBuildPhase;
			buildActionMask = 2147483647;
			files = (
			);
			runOnlyForDeploymentPostprocessing = 0;
		};
/* End PBXFrameworksBuildPhase section */

/* Begin PBXGroup section */
		9B189D0D25017DFD005C0A9C = {
			isa = PBXGroup;
			children = (
				9B189D1825017DFD005C0A9C /* Github-Michael-Ng */,
				9B189D1725017DFD005C0A9C /* Products */,
			);
			sourceTree = "<group>";
		};
		9B189D1725017DFD005C0A9C /* Products */ = {
			isa = PBXGroup;
			children = (
				9B189D1625017DFD005C0A9C /* Github-Michael-Ng.app */,
			);
			name = Products;
			sourceTree = "<group>";
		};
		9B189D1825017DFD005C0A9C /* Github-Michael-Ng */ = {
			isa = PBXGroup;
			children = (
				9B189D1925017DFD005C0A9C /* AppDelegate.swift */,
				9B189D1B25017DFD005C0A9C /* SceneDelegate.swift */,
				9B189D1D25017DFD005C0A9C /* ViewController.swift */,
				9B189D1F25017DFD005C0A9C /* Main.storyboard */,
				9B189D2225017E02005C0A9C /* Assets.xcassets */,
				9B189D2425017E02005C0A9C /* LaunchScreen.storyboard */,
				9B189D2725017E02005C0A9C /* Info.plist */,
			);
			path = "Github-Michael-Ng";
			sourceTree = "<group>";
		};
/* End PBXGroup section */

/* Begin PBXNativeTarget section */
		9B189D1525017DFD005C0A9C /* Github-Michael-Ng */ = {
			isa = PBXNativeTarget;
			buildConfigurationList = 9B189D2A25017E02005C0A9C /* Build configuration list for PBXNativeTarget "Github-Michael-Ng" */;
			buildPhases = (
				9B189D1225017DFD005C0A9C /* Sources */,
				9B189D1325017DFD005C0A9C /* Frameworks */,
				9B189D1425017DFD005C0A9C /* Resources */,
			);
			buildRules = (
			);
			dependencies = (
			);
			name = "Github-Michael-Ng";
			productName = "Github-Michael-Ng";
			productReference = 9B189D1625017DFD005C0A9C /* Github-Michael-Ng.app */;
			productType = "com.apple.product-type.application";
		};
/* End PBXNativeTarget section */

/* Begin PBXProject section */
		9B189D0E25017DFD005C0A9C /* Project object */ = {
			isa = PBXProject;
			attributes = {
				LastSwiftUpdateCheck = 1160;
				LastUpgradeCheck = 1160;
				ORGANIZATIONNAME = SFSU;
				TargetAttributes = {
					9B189D1525017DFD005C0A9C = {
						CreatedOnToolsVersion = 11.6;
					};
				};
			};
			buildConfigurationList = 9B189D1125017DFD005C0A9C /* Build configuration list for PBXProject "Github-Michael-Ng" */;
			compatibilityVersion = "Xcode 9.3";
			developmentRegion = en;
			hasScannedForEncodings = 0;
			knownRegions = (
				en,
				Base,
			);
			mainGroup = 9B189D0D25017DFD005C0A9C;
			productRefGroup = 9B189D1725017DFD005C0A9C /* Products */;
			projectDirPath = "";
			projectRoot = "";
			targets = (
				9B189D1525017DFD005C0A9C /* Github-Michael-Ng */,
			);
		};
/* End PBXProject section */

/* Begin PBXResourcesBuildPhase section */
		9B189D1425017DFD005C0A9C /* Resources */ = {
			isa = PBXResourcesBuildPhase;
			buildActionMask = 2147483647;
			files = (
				9B189D2625017E02005C0A9C /* LaunchScreen.storyboard in Resources */,
				9B189D2325017E02005C0A9C /* Assets.xcassets in Resources */,
				9B189D2125017DFD005C0A9C /* Main.storyboard in Resources */,
			);
			runOnlyForDeploymentPostprocessing = 0;
		};
/* End PBXResourcesBuildPhase section */

/* Begin PBXSourcesBuildPhase section */
		9B189D1225017DFD005C0A9C /* Sources */ = {
			isa = PBXSourcesBuildPhase;
			buildActionMask = 2147483647;
			files = (
				9B189D1E25017DFD005C0A9C /* ViewController.swift in Sources */,
				9B189D1A25017DFD005C0A9C /* AppDelegate.swift in Sources */,
				9B189D1C25017DFD005C0A9C /* SceneDelegate.swift in Sources */,
			);
			runOnlyForDeploymentPostprocessing = 0;
		};
/* End PBXSourcesBuildPhase section */

/* Begin PBXVariantGroup section */
		9B189D1F25017DFD005C0A9C /* Main.storyboard */ = {
			isa = PBXVariantGroup;
			children = (
				9B189D2025017DFD005C0A9C /* Base */,
			);
			name = Main.storyboard;
			sourceTree = "<group>";
		};
		9B189D2425017E02005C0A9C /* LaunchScreen.storyboard */ = {
			isa = PBXVariantGroup;
			children = (
				9B189D2525017E02005C0A9C /* Base */,
			);
			name = LaunchScreen.storyboard;
			sourceTree = "<group>";
		};
/* End PBXVariantGroup section */

/* Begin XCBuildConfiguration section */
		9B189D2825017E02005C0A9C /* Debug */ = {
			isa = XCBuildConfiguration;
			buildSettings = {
				ALWAYS_SEARCH_USER_PATHS = NO;
				CLANG_ANALYZER_NONNULL = YES;
				CLANG_ANALYZER_NUMBER_OBJECT_CONVERSION = YES_AGGRESSIVE;
				CLANG_CXX_LANGUAGE_STANDARD = "gnu++14";
				CLANG_CXX_LIBRARY = "libc++";
				CLANG_ENABLE_MODULES = YES;
				CLANG_ENABLE_OBJC_ARC = YES;
				CLANG_ENABLE_OBJC_WEAK = YES;
				CLANG_WARN_BLOCK_CAPTURE_AUTORELEASING = YES;
				CLANG_WARN_BOOL_CONVERSION = YES;
				CLANG_WARN_COMMA = YES;
				CLANG_WARN_CONSTANT_CONVERSION = YES;
				CLANG_WARN_DEPRECATED_OBJC_IMPLEMENTATIONS = YES;
				CLANG_WARN_DIRECT_OBJC_ISA_USAGE = YES_ERROR;
				CLANG_WARN_DOCUMENTATION_COMMENTS = YES;
				CLANG_WARN_EMPTY_BODY = YES;
				CLANG_WARN_ENUM_CONVERSION = YES;
				CLANG_WARN_INFINITE_RECURSION = YES;
				CLANG_WARN_INT_CONVERSION = YES;
				CLANG_WARN_NON_LITERAL_NULL_CONVERSION = YES;
				CLANG_WARN_OBJC_IMPLICIT_RETAIN_SELF = YES;
				CLANG_WARN_OBJC_LITERAL_CONVERSION = YES;
				CLANG_WARN_OBJC_ROOT_CLASS = YES_ERROR;
				CLANG_WARN_RANGE_LOOP_ANALYSIS = YES;
				CLANG_WARN_STRICT_PROTOTYPES = YES;
				CLANG_WARN_SUSPICIOUS_MOVE = YES;
				CLANG_WARN_UNGUARDED_AVAILABILITY = YES_AGGRESSIVE;
				CLANG_WARN_UNREACHABLE_CODE = YES;
				CLANG_WARN__DUPLICATE_METHOD_MATCH = YES;
				COPY_PHASE_STRIP = NO;
				DEBUG_INFORMATION_FORMAT = dwarf;
				ENABLE_STRICT_OBJC_MSGSEND = YES;
				ENABLE_TESTABILITY = YES;
				GCC_C_LANGUAGE_STANDARD = gnu11;
				GCC_DYNAMIC_NO_PIC = NO;
				GCC_NO_COMMON_BLOCKS = YES;
				GCC_OPTIMIZATION_LEVEL = 0;
				GCC_PREPROCESSOR_DEFINITIONS = (
					"DEBUG=1",
					"$(inherited)",
				);
				GCC_WARN_64_TO_32_BIT_CONVERSION = YES;
				GCC_WARN_ABOUT_RETURN_TYPE = YES_ERROR;
				GCC_WARN_UNDECLARED_SELECTOR = YES;
				GCC_WARN_UNINITIALIZED_AUTOS = YES_AGGRESSIVE;
				GCC_WARN_UNUSED_FUNCTION = YES;
				GCC_WARN_UNUSED_VARIABLE = YES;
				IPHONEOS_DEPLOYMENT_TARGET = 13.6;
				MTL_ENABLE_DEBUG_INFO = INCLUDE_SOURCE;
				MTL_FAST_MATH = YES;
				ONLY_ACTIVE_ARCH = YES;
				SDKROOT = iphoneos;
				SWIFT_ACTIVE_COMPILATION_CONDITIONS = DEBUG;
				SWIFT_OPTIMIZATION_LEVEL = "-Onone";
			};
			name = Debug;
		};
		9B189D2925017E02005C0A9C /* Release */ = {
			isa = XCBuildConfiguration;
			buildSettings = {
				ALWAYS_SEARCH_USER_PATHS = NO;
				CLANG_ANALYZER_NONNULL = YES;
				CLANG_ANALYZER_NUMBER_OBJECT_CONVERSION = YES_AGGRESSIVE;
				CLANG_CXX_LANGUAGE_STANDARD = "gnu++14";
				CLANG_CXX_LIBRARY = "libc++";
				CLANG_ENABLE_MODULES = YES;
				CLANG_ENABLE_OBJC_ARC = YES;
				CLANG_ENABLE_OBJC_WEAK = YES;
				CLANG_WARN_BLOCK_CAPTURE_AUTORELEASING = YES;
				CLANG_WARN_BOOL_CONVERSION = YES;
				CLANG_WARN_COMMA = YES;
				CLANG_WARN_CONSTANT_CONVERSION = YES;
				CLANG_WARN_DEPRECATED_OBJC_IMPLEMENTATIONS = YES;
				CLANG_WARN_DIRECT_OBJC_ISA_USAGE = YES_ERROR;
				CLANG_WARN_DOCUMENTATION_COMMENTS = YES;
				CLANG_WARN_EMPTY_BODY = YES;
				CLANG_WARN_ENUM_CONVERSION = YES;
				CLANG_WARN_INFINITE_RECURSION = YES;
				CLANG_WARN_INT_CONVERSION = YES;
				CLANG_WARN_NON_LITERAL_NULL_CONVERSION = YES;
				CLANG_WARN_OBJC_IMPLICIT_RETAIN_SELF = YES;
				CLANG_WARN_OBJC_LITERAL_CONVERSION = YES;
				CLANG_WARN_OBJC_ROOT_CLASS = YES_ERROR;
				CLANG_WARN_RANGE_LOOP_ANALYSIS = YES;
				CLANG_WARN_STRICT_PROTOTYPES = YES;
				CLANG_WARN_SUSPICIOUS_MOVE = YES;
				CLANG_WARN_UNGUARDED_AVAILABILITY = YES_AGGRESSIVE;
				CLANG_WARN_UNREACHABLE_CODE = YES;
				CLANG_WARN__DUPLICATE_METHOD_MATCH = YES;
				COPY_PHASE_STRIP = NO;
				DEBUG_INFORMATION_FORMAT = "dwarf-with-dsym";
				ENABLE_NS_ASSERTIONS = NO;
				ENABLE_STRICT_OBJC_MSGSEND = YES;
				GCC_C_LANGUAGE_STANDARD = gnu11;
				GCC_NO_COMMON_BLOCKS = YES;
				GCC_WARN_64_TO_32_BIT_CONVERSION = YES;
				GCC_WARN_ABOUT_RETURN_TYPE = YES_ERROR;
				GCC_WARN_UNDECLARED_SELECTOR = YES;
				GCC_WARN_UNINITIALIZED_AUTOS = YES_AGGRESSIVE;
				GCC_WARN_UNUSED_FUNCTION = YES;
				GCC_WARN_UNUSED_VARIABLE = YES;
				IPHONEOS_DEPLOYMENT_TARGET = 13.6;
				MTL_ENABLE_DEBUG_INFO = NO;
				MTL_FAST_MATH = YES;
				SDKROOT = iphoneos;
				SWIFT_COMPILATION_MODE = wholemodule;
				SWIFT_OPTIMIZATION_LEVEL = "-O";
				VALIDATE_PRODUCT = YES;
			};
			name = Release;
		};
		9B189D2B25017E02005C0A9C /* Debug */ = {
			isa = XCBuildConfiguration;
			buildSettings = {
				ASSETCATALOG_COMPILER_APPICON_NAME = AppIcon;
				CODE_SIGN_STYLE = Automatic;
				INFOPLIST_FILE = "Github-Michael-Ng/Info.plist";
				LD_RUNPATH_SEARCH_PATHS = (
					"$(inherited)",
					"@executable_path/Frameworks",
				);
				PRODUCT_BUNDLE_IDENTIFIER = "edu.sfsu.Github-Michael-Ng";
				PRODUCT_NAME = "$(TARGET_NAME)";
				SWIFT_VERSION = 5.0;
				TARGETED_DEVICE_FAMILY = "1,2";
			};
			name = Debug;
		};
		9B189D2C25017E02005C0A9C /* Release */ = {
			isa = XCBuildConfiguration;
			buildSettings = {
				ASSETCATALOG_COMPILER_APPICON_NAME = AppIcon;
				CODE_SIGN_STYLE = Automatic;
				INFOPLIST_FILE = "Github-Michael-Ng/Info.plist";
				LD_RUNPATH_SEARCH_PATHS = (
					"$(inherited)",
					"@executable_path/Frameworks",
				);
				PRODUCT_BUNDLE_IDENTIFIER = "edu.sfsu.Github-Michael-Ng";
				PRODUCT_NAME = "$(TARGET_NAME)";
				SWIFT_VERSION = 5.0;
				TARGETED_DEVICE_FAMILY = "1,2";
			};
			name = Release;
		};
/* End XCBuildConfiguration section */

/* Begin XCConfigurationList section */
		9B189D1125017DFD005C0A9C /* Build configuration list for PBXProject "Github-Michael-Ng" */ = {
			isa = XCConfigurationList;
			buildConfigurations = (
				9B189D2825017E02005C0A9C /* Debug */,
				9B189D2925017E02005C0A9C /* Release */,
			);
			defaultConfigurationIsVisible = 0;
			defaultConfigurationName = Release;
		};
		9B189D2A25017E02005C0A9C /* Build configuration list for PBXNativeTarget "Github-Michael-Ng" */ = {
			isa = XCConfigurationList;
			buildConfigurations = (
				9B189D2B25017E02005C0A9C /* Debug */,
				9B189D2C25017E02005C0A9C /* Release */,
			);
			defaultConfigurationIsVisible = 0;
			defaultConfigurationName = Release;
		};
/* End XCConfigurationList section */
	};
	rootObject = 9B189D0E25017DFD005C0A9C /* Project object */;
}
